
Microsoft Visual Studio Solution File, Format Version 12.00
# Visual Studio Version 16
VisualStudioVersion = 16.0.29215.179
MinimumVisualStudioVersion = 10.0.40219.1
Project("{FAE04EC0-301F-11D3-BF4B-00C04F79EFBC}") = "Bi-31 windows", "Bi-31 windows\Bi-31 windows.csproj", "{A2B5DDB5-7913-405C-ABB1-0CADD1A1929E}"
EndProject
Global
	GlobalSection(SolutionConfigurationPlatforms) = preSolution
		Debug|Any CPU = Debug|Any CPU
		Release|Any CPU = Release|Any CPU
	EndGlobalSection
	GlobalSection(ProjectConfigurationPlatforms) = postSolution
		{A2B5DDB5-7913-405C-ABB1-0CADD1A1929E}.Debug|Any CPU.ActiveCfg = Debug|Any CPU
		{A2B5DDB5-7913-405C-ABB1-0CADD1A1929E}.Debug|Any CPU.Build.0 = Debug|Any CPU
		{A2B5DDB5-7913-405C-ABB1-0CADD1A1929E}.Release|Any CPU.ActiveCfg = Release|Any CPU
		{A2B5DDB5-7913-405C-ABB1-0CADD1A1929E}.Release|Any CPU.Build.0 = Release|Any CPU
	EndGlobalSection
	GlobalSection(SolutionProperties) = preSolution
		HideSolutionNode = FALSE
	EndGlobalSection
	GlobalSection(ExtensibilityGlobals) = postSolution
		SolutionGuid = {DC4BA575-FF3E-45EE-B296-FD471AC39025}
	EndGlobalSection
EndGlobal
